
Microsoft Visual Studio Solution File, Format Version 12.00
# Visual Studio Version 16
VisualStudioVersion = 16.0.31424.327
MinimumVisualStudioVersion = 10.0.40219.1
Project("{FAE04EC0-301F-11D3-BF4B-00C04F79EFBC}") = "FileReaderApp", "FileReaderApp\FileReaderApp.csproj", "{D5279A02-32B1-497F-B43B-51F67A8AC689}"
EndProject
Global
	GlobalSection(SolutionConfigurationPlatforms) = preSolution
		Debug|Any CPU = Debug|Any CPU
		Release|Any CPU = Release|Any CPU
	EndGlobalSection
	GlobalSection(ProjectConfigurationPlatforms) = postSolution
		{D5279A02-32B1-497F-B43B-51F67A8AC689}.Debug|Any CPU.ActiveCfg = Debug|Any CPU
		{D5279A02-32B1-497F-B43B-51F67A8AC689}.Debug|Any CPU.Build.0 = Debug|Any CPU
		{D5279A02-32B1-497F-B43B-51F67A8AC689}.Release|Any CPU.ActiveCfg = Release|Any CPU
		{D5279A02-32B1-497F-B43B-51F67A8AC689}.Release|Any CPU.Build.0 = Release|Any CPU
	EndGlobalSection
	GlobalSection(SolutionProperties) = preSolution
		HideSolutionNode = FALSE
	EndGlobalSection
	GlobalSection(ExtensibilityGlobals) = postSolution
		SolutionGuid = {D2B7FB37-781E-4321-A2B2-33ED443B1E25}
	EndGlobalSection
EndGlobal
